{
    "_readme": [
        "This file locks the dependencies of your project to a known state",
        "Read more about it at https://getcomposer.org/doc/01-basic-usage.md#installing-dependencies",
        "This file is @generated automatically"
    ],
    "content-hash": "876e1013e135e45079f782cbc5d6e0e9",
    "packages": [
        {
            "name": "seanmorris/ids",
            "version": "dev-master",
            "source": {
                "type": "git",
                "url": "https://github.com/seanmorris/ids.git",
                "reference": "730f4dd914291ef50ee1af7af372078249181259"
            },
            "dist": {
                "type": "zip",
                "url": "https://api.github.com/repos/seanmorris/ids/zipball/730f4dd914291ef50ee1af7af372078249181259",
                "reference": "730f4dd914291ef50ee1af7af372078249181259",
                "shasum": ""
            },
            "require-dev": {
                "phpunit/phpunit": "^9",
                "seanmorris/ksqlc": "dev-master",
                "simpletest/simpletest": "dev-master"
            },
            "default-branch": true,
            "bin": [
                "bin/idilic"
            ],
            "type": "library",
            "autoload": {
                "psr-4": {
                    "SeanMorris\\Ids\\Test\\": "test/",
                    "SeanMorris\\Ids\\": "source/"
                }
            },
            "authors": [
                {
                    "name": "Sean Morris",
                    "email": "sean@sean-morris.com"
                }
            ],
            "support": {
                "source": "https://github.com/seanmorris/ids/tree/master",
                "issues": "https://github.com/seanmorris/ids/issues"
            },
            "time": "2021-06-26T00:35:00+00:00"
        }
    ],
    "packages-dev": [
        {
            "name": "simpletest/simpletest",
            "version": "dev-master",
            "source": {
                "type": "git",
                "url": "https://github.com/simpletest/simpletest.git",
                "reference": "7191cd1756825d04af8d2eea32b34deb1b18f48a"
            },
            "dist": {
                "type": "zip",
                "url": "https://api.github.com/repos/simpletest/simpletest/zipball/7191cd1756825d04af8d2eea32b34deb1b18f48a",
                "reference": "7191cd1756825d04af8d2eea32b34deb1b18f48a",
                "shasum": ""
            },
            "require": {
                "php": ">=7.1"
            },
            "require-dev": {
                "ext-dom": "*",
                "ext-mbstring": "*",
                "ext-tidy": "*"
            },
            "default-branch": true,
            "type": "library",
            "autoload": {
                "classmap": [
                    "src/"
                ],
                "exclude-from-classmap": [
                    "/test"
                ]
            },
            "notification-url": "https://packagist.org/downloads/",
            "license": [
                "LGPL-2.0+"
            ],
            "authors": [
                {
                    "name": "Marcus Baker",
                    "email": "marcus@lastcraft.com",
                    "role": "Original project lead"
                },
                {
                    "name": "Jason Sweat",
                    "role": "Original developer"
                },
                {
                    "name": "Travis Swicegood",
                    "role": "Original developer"
                },
                {
                    "name": "Perrick Penet",
                    "role": "Original developer"
                },
                {
                    "name": "Edward Z. Yang",
                    "role": "Original developer"
                },
                {
                    "name": "Lachlan Donald",
                    "email": "lachlan@ljd.cc"
                },
                {
                    "name": "Lars Vierbergen",
                    "email": "vierbergenlars@gmail.com"
                },
                {
                    "name": "Jens A. Koch"
                }
            ],
            "description": "SimpleTest is a framework for unit testing, web site testing and mock objects for PHP.",
            "homepage": "http://simpletest.org/",
            "keywords": [
                "SimpleTest",
                "code-coverage",
                "selenium",
                "testing",
                "unit-test"
            ],
            "support": {
                "issues": "https://github.com/simpletest/simpletest/issues",
                "source": "https://github.com/simpletest/simpletest/tree/master"
            },
            "time": "2021-03-01T21:21:03+00:00"
        }
    ],
    "aliases": [],
    "minimum-stability": "stable",
    "stability-flags": {
        "seanmorris/ids": 20,
        "simpletest/simpletest": 20
    },
    "prefer-stable": false,
    "prefer-lowest": false,
    "platform": [],
    "platform-dev": [],
    "plugin-api-version": "2.1.0"
}
